
Microsoft Visual Studio Solution File, Format Version 12.00
# Visual Studio 2012
Project("{FAE04EC0-301F-11D3-BF4B-00C04F79EFBC}") = "LedSignLib", "Blinken\LedSignLib.csproj", "{4AD0FBED-C100-4535-8FF9-4E8ADD70DE33}"
EndProject
Project("{FAE04EC0-301F-11D3-BF4B-00C04F79EFBC}") = "SignController", "SignController\SignController.csproj", "{DD134147-9329-4D80-9235-2A53C3DE7542}"
EndProject
Project("{FAE04EC0-301F-11D3-BF4B-00C04F79EFBC}") = "MailNotifierController", "MailNotifierController\MailNotifierController.csproj", "{8ADE9927-ED1E-49C5-8B05-CC59E4319311}"
EndProject
Project("{FAE04EC0-301F-11D3-BF4B-00C04F79EFBC}") = "SignService", "SignService\SignService.csproj", "{C198CEA0-FA5F-4993-9076-EEDB5D489C0A}"
EndProject
Project("{FAE04EC0-301F-11D3-BF4B-00C04F79EFBC}") = "SignTextClient", "SignTextChanger\SignTextClient.csproj", "{E3FAF0C3-268F-4F3B-A35B-D1C04836B93A}"
EndProject
Project("{FAE04EC0-301F-11D3-BF4B-00C04F79EFBC}") = "RssLedSignController", "RssLedSignController\RssLedSignController.csproj", "{40CBE055-BE90-4856-B836-AE92DC35BAC0}"
EndProject
Project("{FAE04EC0-301F-11D3-BF4B-00C04F79EFBC}") = "MailNotifierService", "MailNotifierService\MailNotifierService.csproj", "{DAD083CB-7AE8-41B9-8508-8145E4D6C963}"
EndProject
Project("{FAE04EC0-301F-11D3-BF4B-00C04F79EFBC}") = "MailNotifierClient", "MailNotifierChanger\MailNotifierClient.csproj", "{057F2A91-3182-41E6-A85A-25C4540A6C5C}"
EndProject
Project("{FAE04EC0-301F-11D3-BF4B-00C04F79EFBC}") = "MailNotifierLib", "MailNotifierLib\MailNotifierLib.csproj", "{0AF352F7-5CAD-447D-B6A0-3EF24B76FC61}"
EndProject
Project("{FAE04EC0-301F-11D3-BF4B-00C04F79EFBC}") = "MinecraftLedSign", "MinecraftLedSign\MinecraftLedSign.csproj", "{D12B7FC5-2129-4F86-8A26-8AFD6F4289CB}"
EndProject
Project("{FAE04EC0-301F-11D3-BF4B-00C04F79EFBC}") = "MorseCodeGenerator", "MorseCodeGenerator\MorseCodeGenerator.csproj", "{010257E2-E08C-43D3-BEAE-E17C7868E33C}"
EndProject
Project("{FAE04EC0-301F-11D3-BF4B-00C04F79EFBC}") = "MorseCodeReceiver", "MorseCodeReceiver\MorseCodeReceiver.csproj", "{B87DF560-22D5-49E3-9141-6B343A7B8802}"
EndProject
Project("{FAE04EC0-301F-11D3-BF4B-00C04F79EFBC}") = "WFMorseCodeReceiver", "WFMorseCodeReceiver\WFMorseCodeReceiver.csproj", "{E7F96FEA-76F3-48C4-9E99-8DA2239E46DB}"
EndProject
Project("{FAE04EC0-301F-11D3-BF4B-00C04F79EFBC}") = "TfsConsoleApplication", "TfsConsoleApplication\TfsConsoleApplication.csproj", "{3B8EFE7B-01D8-4D84-B19E-20074CA55303}"
EndProject
Project("{FAE04EC0-301F-11D3-BF4B-00C04F79EFBC}") = "Clock", "Clock\Clock.csproj", "{C7697C7B-224D-4E03-BCDE-5CD63BA5DDB4}"
EndProject
Project("{FAE04EC0-301F-11D3-BF4B-00C04F79EFBC}") = "Timer", "Timer\Timer.csproj", "{485C50EF-06D3-41FE-8A2C-5414F2D38952}"
EndProject
Project("{FAE04EC0-301F-11D3-BF4B-00C04F79EFBC}") = "MailNotifierTimer", "MailNotifierTimer\MailNotifierTimer.csproj", "{96D105C7-CC1C-48DF-84FC-02499DF2A180}"
EndProject
Global
	GlobalSection(SolutionConfigurationPlatforms) = preSolution
		Debug|Any CPU = Debug|Any CPU
		Debug|Mixed Platforms = Debug|Mixed Platforms
		Debug|x86 = Debug|x86
		Release|Any CPU = Release|Any CPU
		Release|Mixed Platforms = Release|Mixed Platforms
		Release|x86 = Release|x86
	EndGlobalSection
	GlobalSection(ProjectConfigurationPlatforms) = postSolution
		{4AD0FBED-C100-4535-8FF9-4E8ADD70DE33}.Debug|Any CPU.ActiveCfg = Debug|x86
		{4AD0FBED-C100-4535-8FF9-4E8ADD70DE33}.Debug|Any CPU.Build.0 = Debug|x86
		{4AD0FBED-C100-4535-8FF9-4E8ADD70DE33}.Debug|Mixed Platforms.ActiveCfg = Debug|x86
		{4AD0FBED-C100-4535-8FF9-4E8ADD70DE33}.Debug|Mixed Platforms.Build.0 = Debug|x86
		{4AD0FBED-C100-4535-8FF9-4E8ADD70DE33}.Debug|x86.ActiveCfg = Debug|x86
		{4AD0FBED-C100-4535-8FF9-4E8ADD70DE33}.Debug|x86.Build.0 = Debug|x86
		{4AD0FBED-C100-4535-8FF9-4E8ADD70DE33}.Release|Any CPU.ActiveCfg = Release|x86
		{4AD0FBED-C100-4535-8FF9-4E8ADD70DE33}.Release|Mixed Platforms.ActiveCfg = Release|x86
		{4AD0FBED-C100-4535-8FF9-4E8ADD70DE33}.Release|Mixed Platforms.Build.0 = Release|x86
		{4AD0FBED-C100-4535-8FF9-4E8ADD70DE33}.Release|x86.ActiveCfg = Release|x86
		{4AD0FBED-C100-4535-8FF9-4E8ADD70DE33}.Release|x86.Build.0 = Release|x86
		{DD134147-9329-4D80-9235-2A53C3DE7542}.Debug|Any CPU.ActiveCfg = Debug|x86
		{DD134147-9329-4D80-9235-2A53C3DE7542}.Debug|Any CPU.Build.0 = Debug|x86
		{DD134147-9329-4D80-9235-2A53C3DE7542}.Debug|Mixed Platforms.ActiveCfg = Debug|x86
		{DD134147-9329-4D80-9235-2A53C3DE7542}.Debug|Mixed Platforms.Build.0 = Debug|x86
		{DD134147-9329-4D80-9235-2A53C3DE7542}.Debug|x86.ActiveCfg = Debug|x86
		{DD134147-9329-4D80-9235-2A53C3DE7542}.Debug|x86.Build.0 = Debug|x86
		{DD134147-9329-4D80-9235-2A53C3DE7542}.Release|Any CPU.ActiveCfg = Release|x86
		{DD134147-9329-4D80-9235-2A53C3DE7542}.Release|Mixed Platforms.ActiveCfg = Release|x86
		{DD134147-9329-4D80-9235-2A53C3DE7542}.Release|Mixed Platforms.Build.0 = Release|x86
		{DD134147-9329-4D80-9235-2A53C3DE7542}.Release|x86.ActiveCfg = Release|x86
		{DD134147-9329-4D80-9235-2A53C3DE7542}.Release|x86.Build.0 = Release|x86
		{8ADE9927-ED1E-49C5-8B05-CC59E4319311}.Debug|Any CPU.ActiveCfg = Debug|x86
		{8ADE9927-ED1E-49C5-8B05-CC59E4319311}.Debug|Any CPU.Build.0 = Debug|x86
		{8ADE9927-ED1E-49C5-8B05-CC59E4319311}.Debug|Mixed Platforms.ActiveCfg = Debug|x86
		{8ADE9927-ED1E-49C5-8B05-CC59E4319311}.Debug|Mixed Platforms.Build.0 = Debug|x86
		{8ADE9927-ED1E-49C5-8B05-CC59E4319311}.Debug|x86.ActiveCfg = Debug|x86
		{8ADE9927-ED1E-49C5-8B05-CC59E4319311}.Debug|x86.Build.0 = Debug|x86
		{8ADE9927-ED1E-49C5-8B05-CC59E4319311}.Release|Any CPU.ActiveCfg = Release|x86
		{8ADE9927-ED1E-49C5-8B05-CC59E4319311}.Release|Mixed Platforms.ActiveCfg = Release|x86
		{8ADE9927-ED1E-49C5-8B05-CC59E4319311}.Release|Mixed Platforms.Build.0 = Release|x86
		{8ADE9927-ED1E-49C5-8B05-CC59E4319311}.Release|x86.ActiveCfg = Release|x86
		{8ADE9927-ED1E-49C5-8B05-CC59E4319311}.Release|x86.Build.0 = Release|x86
		{C198CEA0-FA5F-4993-9076-EEDB5D489C0A}.Debug|Any CPU.ActiveCfg = Debug|x86
		{C198CEA0-FA5F-4993-9076-EEDB5D489C0A}.Debug|Any CPU.Build.0 = Debug|x86
		{C198CEA0-FA5F-4993-9076-EEDB5D489C0A}.Debug|Mixed Platforms.ActiveCfg = Debug|x86
		{C198CEA0-FA5F-4993-9076-EEDB5D489C0A}.Debug|Mixed Platforms.Build.0 = Debug|x86
		{C198CEA0-FA5F-4993-9076-EEDB5D489C0A}.Debug|x86.ActiveCfg = Debug|x86
		{C198CEA0-FA5F-4993-9076-EEDB5D489C0A}.Debug|x86.Build.0 = Debug|x86
		{C198CEA0-FA5F-4993-9076-EEDB5D489C0A}.Release|Any CPU.ActiveCfg = Release|x86
		{C198CEA0-FA5F-4993-9076-EEDB5D489C0A}.Release|Mixed Platforms.ActiveCfg = Release|x86
		{C198CEA0-FA5F-4993-9076-EEDB5D489C0A}.Release|Mixed Platforms.Build.0 = Release|x86
		{C198CEA0-FA5F-4993-9076-EEDB5D489C0A}.Release|x86.ActiveCfg = Release|x86
		{C198CEA0-FA5F-4993-9076-EEDB5D489C0A}.Release|x86.Build.0 = Release|x86
		{E3FAF0C3-268F-4F3B-A35B-D1C04836B93A}.Debug|Any CPU.ActiveCfg = Debug|x86
		{E3FAF0C3-268F-4F3B-A35B-D1C04836B93A}.Debug|Any CPU.Build.0 = Debug|x86
		{E3FAF0C3-268F-4F3B-A35B-D1C04836B93A}.Debug|Mixed Platforms.ActiveCfg = Debug|x86
		{E3FAF0C3-268F-4F3B-A35B-D1C04836B93A}.Debug|Mixed Platforms.Build.0 = Debug|x86
		{E3FAF0C3-268F-4F3B-A35B-D1C04836B93A}.Debug|x86.ActiveCfg = Debug|x86
		{E3FAF0C3-268F-4F3B-A35B-D1C04836B93A}.Debug|x86.Build.0 = Debug|x86
		{E3FAF0C3-268F-4F3B-A35B-D1C04836B93A}.Release|Any CPU.ActiveCfg = Release|x86
		{E3FAF0C3-268F-4F3B-A35B-D1C04836B93A}.Release|Mixed Platforms.ActiveCfg = Release|x86
		{E3FAF0C3-268F-4F3B-A35B-D1C04836B93A}.Release|Mixed Platforms.Build.0 = Release|x86
		{E3FAF0C3-268F-4F3B-A35B-D1C04836B93A}.Release|x86.ActiveCfg = Release|x86
		{E3FAF0C3-268F-4F3B-A35B-D1C04836B93A}.Release|x86.Build.0 = Release|x86
		{40CBE055-BE90-4856-B836-AE92DC35BAC0}.Debug|Any CPU.ActiveCfg = Debug|x86
		{40CBE055-BE90-4856-B836-AE92DC35BAC0}.Debug|Any CPU.Build.0 = Debug|x86
		{40CBE055-BE90-4856-B836-AE92DC35BAC0}.Debug|Mixed Platforms.ActiveCfg = Debug|x86
		{40CBE055-BE90-4856-B836-AE92DC35BAC0}.Debug|Mixed Platforms.Build.0 = Debug|x86
		{40CBE055-BE90-4856-B836-AE92DC35BAC0}.Debug|x86.ActiveCfg = Debug|x86
		{40CBE055-BE90-4856-B836-AE92DC35BAC0}.Debug|x86.Build.0 = Debug|x86
		{40CBE055-BE90-4856-B836-AE92DC35BAC0}.Release|Any CPU.ActiveCfg = Release|x86
		{40CBE055-BE90-4856-B836-AE92DC35BAC0}.Release|Mixed Platforms.ActiveCfg = Release|x86
		{40CBE055-BE90-4856-B836-AE92DC35BAC0}.Release|Mixed Platforms.Build.0 = Release|x86
		{40CBE055-BE90-4856-B836-AE92DC35BAC0}.Release|x86.ActiveCfg = Release|x86
		{40CBE055-BE90-4856-B836-AE92DC35BAC0}.Release|x86.Build.0 = Release|x86
		{DAD083CB-7AE8-41B9-8508-8145E4D6C963}.Debug|Any CPU.ActiveCfg = Debug|x86
		{DAD083CB-7AE8-41B9-8508-8145E4D6C963}.Debug|Any CPU.Build.0 = Debug|x86
		{DAD083CB-7AE8-41B9-8508-8145E4D6C963}.Debug|Mixed Platforms.ActiveCfg = Debug|x86
		{DAD083CB-7AE8-41B9-8508-8145E4D6C963}.Debug|Mixed Platforms.Build.0 = Debug|x86
		{DAD083CB-7AE8-41B9-8508-8145E4D6C963}.Debug|x86.ActiveCfg = Debug|x86
		{DAD083CB-7AE8-41B9-8508-8145E4D6C963}.Debug|x86.Build.0 = Debug|x86
		{DAD083CB-7AE8-41B9-8508-8145E4D6C963}.Release|Any CPU.ActiveCfg = Release|x86
		{DAD083CB-7AE8-41B9-8508-8145E4D6C963}.Release|Mixed Platforms.ActiveCfg = Release|x86
		{DAD083CB-7AE8-41B9-8508-8145E4D6C963}.Release|Mixed Platforms.Build.0 = Release|x86
		{DAD083CB-7AE8-41B9-8508-8145E4D6C963}.Release|x86.ActiveCfg = Release|x86
		{DAD083CB-7AE8-41B9-8508-8145E4D6C963}.Release|x86.Build.0 = Release|x86
		{057F2A91-3182-41E6-A85A-25C4540A6C5C}.Debug|Any CPU.ActiveCfg = Debug|x86
		{057F2A91-3182-41E6-A85A-25C4540A6C5C}.Debug|Any CPU.Build.0 = Debug|x86
		{057F2A91-3182-41E6-A85A-25C4540A6C5C}.Debug|Mixed Platforms.ActiveCfg = Debug|x86
		{057F2A91-3182-41E6-A85A-25C4540A6C5C}.Debug|Mixed Platforms.Build.0 = Debug|x86
		{057F2A91-3182-41E6-A85A-25C4540A6C5C}.Debug|x86.ActiveCfg = Debug|x86
		{057F2A91-3182-41E6-A85A-25C4540A6C5C}.Debug|x86.Build.0 = Debug|x86
		{057F2A91-3182-41E6-A85A-25C4540A6C5C}.Release|Any CPU.ActiveCfg = Release|x86
		{057F2A91-3182-41E6-A85A-25C4540A6C5C}.Release|Mixed Platforms.ActiveCfg = Release|x86
		{057F2A91-3182-41E6-A85A-25C4540A6C5C}.Release|Mixed Platforms.Build.0 = Release|x86
		{057F2A91-3182-41E6-A85A-25C4540A6C5C}.Release|x86.ActiveCfg = Release|x86
		{057F2A91-3182-41E6-A85A-25C4540A6C5C}.Release|x86.Build.0 = Release|x86
		{0AF352F7-5CAD-447D-B6A0-3EF24B76FC61}.Debug|Any CPU.ActiveCfg = Debug|Any CPU
		{0AF352F7-5CAD-447D-B6A0-3EF24B76FC61}.Debug|Any CPU.Build.0 = Debug|Any CPU
		{0AF352F7-5CAD-447D-B6A0-3EF24B76FC61}.Debug|Mixed Platforms.ActiveCfg = Debug|Any CPU
		{0AF352F7-5CAD-447D-B6A0-3EF24B76FC61}.Debug|Mixed Platforms.Build.0 = Debug|Any CPU
		{0AF352F7-5CAD-447D-B6A0-3EF24B76FC61}.Debug|x86.ActiveCfg = Debug|Any CPU
		{0AF352F7-5CAD-447D-B6A0-3EF24B76FC61}.Debug|x86.Build.0 = Debug|Any CPU
		{0AF352F7-5CAD-447D-B6A0-3EF24B76FC61}.Release|Any CPU.ActiveCfg = Release|Any CPU
		{0AF352F7-5CAD-447D-B6A0-3EF24B76FC61}.Release|Any CPU.Build.0 = Release|Any CPU
		{0AF352F7-5CAD-447D-B6A0-3EF24B76FC61}.Release|Mixed Platforms.ActiveCfg = Release|Any CPU
		{0AF352F7-5CAD-447D-B6A0-3EF24B76FC61}.Release|Mixed Platforms.Build.0 = Release|Any CPU
		{0AF352F7-5CAD-447D-B6A0-3EF24B76FC61}.Release|x86.ActiveCfg = Release|Any CPU
		{D12B7FC5-2129-4F86-8A26-8AFD6F4289CB}.Debug|Any CPU.ActiveCfg = Debug|x86
		{D12B7FC5-2129-4F86-8A26-8AFD6F4289CB}.Debug|Any CPU.Build.0 = Debug|x86
		{D12B7FC5-2129-4F86-8A26-8AFD6F4289CB}.Debug|Mixed Platforms.ActiveCfg = Debug|x86
		{D12B7FC5-2129-4F86-8A26-8AFD6F4289CB}.Debug|Mixed Platforms.Build.0 = Debug|x86
		{D12B7FC5-2129-4F86-8A26-8AFD6F4289CB}.Debug|x86.ActiveCfg = Debug|x86
		{D12B7FC5-2129-4F86-8A26-8AFD6F4289CB}.Debug|x86.Build.0 = Debug|x86
		{D12B7FC5-2129-4F86-8A26-8AFD6F4289CB}.Release|Any CPU.ActiveCfg = Release|x86
		{D12B7FC5-2129-4F86-8A26-8AFD6F4289CB}.Release|Mixed Platforms.ActiveCfg = Release|x86
		{D12B7FC5-2129-4F86-8A26-8AFD6F4289CB}.Release|Mixed Platforms.Build.0 = Release|x86
		{D12B7FC5-2129-4F86-8A26-8AFD6F4289CB}.Release|x86.ActiveCfg = Release|x86
		{D12B7FC5-2129-4F86-8A26-8AFD6F4289CB}.Release|x86.Build.0 = Release|x86
		{010257E2-E08C-43D3-BEAE-E17C7868E33C}.Debug|Any CPU.ActiveCfg = Debug|x86
		{010257E2-E08C-43D3-BEAE-E17C7868E33C}.Debug|Any CPU.Build.0 = Debug|x86
		{010257E2-E08C-43D3-BEAE-E17C7868E33C}.Debug|Mixed Platforms.ActiveCfg = Debug|x86
		{010257E2-E08C-43D3-BEAE-E17C7868E33C}.Debug|Mixed Platforms.Build.0 = Debug|x86
		{010257E2-E08C-43D3-BEAE-E17C7868E33C}.Debug|x86.ActiveCfg = Debug|x86
		{010257E2-E08C-43D3-BEAE-E17C7868E33C}.Debug|x86.Build.0 = Debug|x86
		{010257E2-E08C-43D3-BEAE-E17C7868E33C}.Release|Any CPU.ActiveCfg = Release|x86
		{010257E2-E08C-43D3-BEAE-E17C7868E33C}.Release|Mixed Platforms.ActiveCfg = Release|x86
		{010257E2-E08C-43D3-BEAE-E17C7868E33C}.Release|Mixed Platforms.Build.0 = Release|x86
		{010257E2-E08C-43D3-BEAE-E17C7868E33C}.Release|x86.ActiveCfg = Release|x86
		{010257E2-E08C-43D3-BEAE-E17C7868E33C}.Release|x86.Build.0 = Release|x86
		{B87DF560-22D5-49E3-9141-6B343A7B8802}.Debug|Any CPU.ActiveCfg = Debug|x86
		{B87DF560-22D5-49E3-9141-6B343A7B8802}.Debug|Mixed Platforms.ActiveCfg = Debug|x86
		{B87DF560-22D5-49E3-9141-6B343A7B8802}.Debug|Mixed Platforms.Build.0 = Debug|x86
		{B87DF560-22D5-49E3-9141-6B343A7B8802}.Debug|x86.ActiveCfg = Debug|x86
		{B87DF560-22D5-49E3-9141-6B343A7B8802}.Debug|x86.Build.0 = Debug|x86
		{B87DF560-22D5-49E3-9141-6B343A7B8802}.Release|Any CPU.ActiveCfg = Release|x86
		{B87DF560-22D5-49E3-9141-6B343A7B8802}.Release|Mixed Platforms.ActiveCfg = Release|x86
		{B87DF560-22D5-49E3-9141-6B343A7B8802}.Release|Mixed Platforms.Build.0 = Release|x86
		{B87DF560-22D5-49E3-9141-6B343A7B8802}.Release|x86.ActiveCfg = Release|x86
		{B87DF560-22D5-49E3-9141-6B343A7B8802}.Release|x86.Build.0 = Release|x86
		{E7F96FEA-76F3-48C4-9E99-8DA2239E46DB}.Debug|Any CPU.ActiveCfg = Debug|x86
		{E7F96FEA-76F3-48C4-9E99-8DA2239E46DB}.Debug|Mixed Platforms.ActiveCfg = Debug|x86
		{E7F96FEA-76F3-48C4-9E99-8DA2239E46DB}.Debug|Mixed Platforms.Build.0 = Debug|x86
		{E7F96FEA-76F3-48C4-9E99-8DA2239E46DB}.Debug|x86.ActiveCfg = Debug|x86
		{E7F96FEA-76F3-48C4-9E99-8DA2239E46DB}.Debug|x86.Build.0 = Debug|x86
		{E7F96FEA-76F3-48C4-9E99-8DA2239E46DB}.Release|Any CPU.ActiveCfg = Release|x86
		{E7F96FEA-76F3-48C4-9E99-8DA2239E46DB}.Release|Mixed Platforms.ActiveCfg = Release|x86
		{E7F96FEA-76F3-48C4-9E99-8DA2239E46DB}.Release|Mixed Platforms.Build.0 = Release|x86
		{E7F96FEA-76F3-48C4-9E99-8DA2239E46DB}.Release|x86.ActiveCfg = Release|x86
		{E7F96FEA-76F3-48C4-9E99-8DA2239E46DB}.Release|x86.Build.0 = Release|x86
		{3B8EFE7B-01D8-4D84-B19E-20074CA55303}.Debug|Any CPU.ActiveCfg = Debug|Any CPU
		{3B8EFE7B-01D8-4D84-B19E-20074CA55303}.Debug|Any CPU.Build.0 = Debug|Any CPU
		{3B8EFE7B-01D8-4D84-B19E-20074CA55303}.Debug|Mixed Platforms.ActiveCfg = Debug|Any CPU
		{3B8EFE7B-01D8-4D84-B19E-20074CA55303}.Debug|Mixed Platforms.Build.0 = Debug|Any CPU
		{3B8EFE7B-01D8-4D84-B19E-20074CA55303}.Debug|x86.ActiveCfg = Debug|Any CPU
		{3B8EFE7B-01D8-4D84-B19E-20074CA55303}.Debug|x86.Build.0 = Debug|Any CPU
		{3B8EFE7B-01D8-4D84-B19E-20074CA55303}.Release|Any CPU.ActiveCfg = Release|Any CPU
		{3B8EFE7B-01D8-4D84-B19E-20074CA55303}.Release|Any CPU.Build.0 = Release|Any CPU
		{3B8EFE7B-01D8-4D84-B19E-20074CA55303}.Release|Mixed Platforms.ActiveCfg = Release|Any CPU
		{3B8EFE7B-01D8-4D84-B19E-20074CA55303}.Release|Mixed Platforms.Build.0 = Release|Any CPU
		{3B8EFE7B-01D8-4D84-B19E-20074CA55303}.Release|x86.ActiveCfg = Release|Any CPU
		{C7697C7B-224D-4E03-BCDE-5CD63BA5DDB4}.Debug|Any CPU.ActiveCfg = Debug|Any CPU
		{C7697C7B-224D-4E03-BCDE-5CD63BA5DDB4}.Debug|Any CPU.Build.0 = Debug|Any CPU
		{C7697C7B-224D-4E03-BCDE-5CD63BA5DDB4}.Debug|Mixed Platforms.ActiveCfg = Debug|Any CPU
		{C7697C7B-224D-4E03-BCDE-5CD63BA5DDB4}.Debug|Mixed Platforms.Build.0 = Debug|Any CPU
		{C7697C7B-224D-4E03-BCDE-5CD63BA5DDB4}.Debug|x86.ActiveCfg = Debug|Any CPU
		{C7697C7B-224D-4E03-BCDE-5CD63BA5DDB4}.Release|Any CPU.ActiveCfg = Release|Any CPU
		{C7697C7B-224D-4E03-BCDE-5CD63BA5DDB4}.Release|Any CPU.Build.0 = Release|Any CPU
		{C7697C7B-224D-4E03-BCDE-5CD63BA5DDB4}.Release|Mixed Platforms.ActiveCfg = Release|Any CPU
		{C7697C7B-224D-4E03-BCDE-5CD63BA5DDB4}.Release|Mixed Platforms.Build.0 = Release|Any CPU
		{C7697C7B-224D-4E03-BCDE-5CD63BA5DDB4}.Release|x86.ActiveCfg = Release|Any CPU
		{485C50EF-06D3-41FE-8A2C-5414F2D38952}.Debug|Any CPU.ActiveCfg = Debug|Any CPU
		{485C50EF-06D3-41FE-8A2C-5414F2D38952}.Debug|Any CPU.Build.0 = Debug|Any CPU
		{485C50EF-06D3-41FE-8A2C-5414F2D38952}.Debug|Mixed Platforms.ActiveCfg = Debug|Any CPU
		{485C50EF-06D3-41FE-8A2C-5414F2D38952}.Debug|Mixed Platforms.Build.0 = Debug|Any CPU
		{485C50EF-06D3-41FE-8A2C-5414F2D38952}.Debug|x86.ActiveCfg = Debug|Any CPU
		{485C50EF-06D3-41FE-8A2C-5414F2D38952}.Release|Any CPU.ActiveCfg = Release|Any CPU
		{485C50EF-06D3-41FE-8A2C-5414F2D38952}.Release|Any CPU.Build.0 = Release|Any CPU
		{485C50EF-06D3-41FE-8A2C-5414F2D38952}.Release|Mixed Platforms.ActiveCfg = Release|Any CPU
		{485C50EF-06D3-41FE-8A2C-5414F2D38952}.Release|Mixed Platforms.Build.0 = Release|Any CPU
		{485C50EF-06D3-41FE-8A2C-5414F2D38952}.Release|x86.ActiveCfg = Release|Any CPU
		{96D105C7-CC1C-48DF-84FC-02499DF2A180}.Debug|Any CPU.ActiveCfg = Debug|Any CPU
		{96D105C7-CC1C-48DF-84FC-02499DF2A180}.Debug|Any CPU.Build.0 = Debug|Any CPU
		{96D105C7-CC1C-48DF-84FC-02499DF2A180}.Debug|Mixed Platforms.ActiveCfg = Debug|Any CPU
		{96D105C7-CC1C-48DF-84FC-02499DF2A180}.Debug|Mixed Platforms.Build.0 = Debug|Any CPU
		{96D105C7-CC1C-48DF-84FC-02499DF2A180}.Debug|x86.ActiveCfg = Debug|Any CPU
		{96D105C7-CC1C-48DF-84FC-02499DF2A180}.Release|Any CPU.ActiveCfg = Release|Any CPU
		{96D105C7-CC1C-48DF-84FC-02499DF2A180}.Release|Any CPU.Build.0 = Release|Any CPU
		{96D105C7-CC1C-48DF-84FC-02499DF2A180}.Release|Mixed Platforms.ActiveCfg = Release|Any CPU
		{96D105C7-CC1C-48DF-84FC-02499DF2A180}.Release|Mixed Platforms.Build.0 = Release|Any CPU
		{96D105C7-CC1C-48DF-84FC-02499DF2A180}.Release|x86.ActiveCfg = Release|Any CPU
	EndGlobalSection
	GlobalSection(SolutionProperties) = preSolution
		HideSolutionNode = FALSE
	EndGlobalSection
EndGlobal
